
Microsoft Visual Studio Solution File, Format Version 12.00
# Visual Studio Version 17
VisualStudioVersion = 17.2.32616.157
MinimumVisualStudioVersion = 10.0.40219.1
Project("{FAE04EC0-301F-11D3-BF4B-00C04F79EFBC}") = "Notepad--", "test\Notepad--.csproj", "{95D3CD94-ACEA-4896-B5AC-1A104885E440}"
EndProject
Global
	GlobalSection(SolutionConfigurationPlatforms) = preSolution
		Debug|Any CPU = Debug|Any CPU
		Release|Any CPU = Release|Any CPU
	EndGlobalSection
	GlobalSection(ProjectConfigurationPlatforms) = postSolution
		{95D3CD94-ACEA-4896-B5AC-1A104885E440}.Debug|Any CPU.ActiveCfg = Debug|Any CPU
		{95D3CD94-ACEA-4896-B5AC-1A104885E440}.Debug|Any CPU.Build.0 = Debug|Any CPU
		{95D3CD94-ACEA-4896-B5AC-1A104885E440}.Release|Any CPU.ActiveCfg = Release|Any CPU
		{95D3CD94-ACEA-4896-B5AC-1A104885E440}.Release|Any CPU.Build.0 = Release|Any CPU
	EndGlobalSection
	GlobalSection(SolutionProperties) = preSolution
		HideSolutionNode = FALSE
	EndGlobalSection
	GlobalSection(ExtensibilityGlobals) = postSolution
		SolutionGuid = {24A26214-FD32-402B-9C40-265F6CBACF14}
	EndGlobalSection
EndGlobal
